
Microsoft Visual Studio Solution File, Format Version 12.00
# Visual Studio Version 16
VisualStudioVersion = 16.0.31129.286
MinimumVisualStudioVersion = 10.0.40219.1
Project("{8BC9CEB8-8B4A-11D0-8D11-00A0C91BC942}") = "ex1_1", "ex1\ex1.vcxproj", "{7F0DF401-19C3-4725-A414-5510A9B5718F}"
EndProject
Project("{8BC9CEB8-8B4A-11D0-8D11-00A0C91BC942}") = "ex1_2", "ex2\ex2.vcxproj", "{07D1EEDC-8950-4412-ADB6-D7E96A6FD023}"
EndProject
Project("{8BC9CEB8-8B4A-11D0-8D11-00A0C91BC942}") = "ex2_1", "ex3\ex3.vcxproj", "{064A33F9-264E-4CEC-9D87-7C0B5D35CBD1}"
EndProject
Project("{8BC9CEB8-8B4A-11D0-8D11-00A0C91BC942}") = "ex2_2", "ex2_2\ex2_2.vcxproj", "{D29300CF-344E-4681-BDDF-5E095A95F604}"
EndProject
Project("{8BC9CEB8-8B4A-11D0-8D11-00A0C91BC942}") = "ex3_1", "ex3_1\ex3_1.vcxproj", "{2A07EC68-0083-4A21-AE2D-DD4CFDC5B3CC}"
EndProject
Project("{8BC9CEB8-8B4A-11D0-8D11-00A0C91BC942}") = "ex3_2", "ex3_2\ex3_2.vcxproj", "{AC1EA560-2381-4E66-9E1E-77E91D1F7351}"
EndProject
Project("{8BC9CEB8-8B4A-11D0-8D11-00A0C91BC942}") = "ex4_1", "ex4_1\ex4_1.vcxproj", "{A02C53DA-8866-47F3-8EC5-C3B1818B27EB}"
EndProject
Project("{8BC9CEB8-8B4A-11D0-8D11-00A0C91BC942}") = "ex4_2", "ex4_2\ex4_2.vcxproj", "{10478E21-86D2-418C-A46A-9E9B77DCB4C3}"
EndProject
Project("{8BC9CEB8-8B4A-11D0-8D11-00A0C91BC942}") = "ex5_1", "ex5_1\ex5_1.vcxproj", "{8AB80F64-7DD1-47D5-9492-D28C135D98B1}"
EndProject
Project("{8BC9CEB8-8B4A-11D0-8D11-00A0C91BC942}") = "ex5_2", "ex5_2\ex5_2.vcxproj", "{0DFBCA1E-200B-4275-950E-ABEEFA992D8D}"
EndProject
Global
	GlobalSection(SolutionConfigurationPlatforms) = preSolution
		Debug|x64 = Debug|x64
		Debug|x86 = Debug|x86
		Release|x64 = Release|x64
		Release|x86 = Release|x86
	EndGlobalSection
	GlobalSection(ProjectConfigurationPlatforms) = postSolution
		{7F0DF401-19C3-4725-A414-5510A9B5718F}.Debug|x64.ActiveCfg = Debug|x64
		{7F0DF401-19C3-4725-A414-5510A9B5718F}.Debug|x64.Build.0 = Debug|x64
		{7F0DF401-19C3-4725-A414-5510A9B5718F}.Debug|x86.ActiveCfg = Debug|Win32
		{7F0DF401-19C3-4725-A414-5510A9B5718F}.Debug|x86.Build.0 = Debug|Win32
		{7F0DF401-19C3-4725-A414-5510A9B5718F}.Release|x64.ActiveCfg = Release|x64
		{7F0DF401-19C3-4725-A414-5510A9B5718F}.Release|x64.Build.0 = Release|x64
		{7F0DF401-19C3-4725-A414-5510A9B5718F}.Release|x86.ActiveCfg = Release|Win32
		{7F0DF401-19C3-4725-A414-5510A9B5718F}.Release|x86.Build.0 = Release|Win32
		{07D1EEDC-8950-4412-ADB6-D7E96A6FD023}.Debug|x64.ActiveCfg = Debug|x64
		{07D1EEDC-8950-4412-ADB6-D7E96A6FD023}.Debug|x64.Build.0 = Debug|x64
		{07D1EEDC-8950-4412-ADB6-D7E96A6FD023}.Debug|x86.ActiveCfg = Debug|Win32
		{07D1EEDC-8950-4412-ADB6-D7E96A6FD023}.Debug|x86.Build.0 = Debug|Win32
		{07D1EEDC-8950-4412-ADB6-D7E96A6FD023}.Release|x64.ActiveCfg = Release|x64
		{07D1EEDC-8950-4412-ADB6-D7E96A6FD023}.Release|x64.Build.0 = Release|x64
		{07D1EEDC-8950-4412-ADB6-D7E96A6FD023}.Release|x86.ActiveCfg = Release|Win32
		{07D1EEDC-8950-4412-ADB6-D7E96A6FD023}.Release|x86.Build.0 = Release|Win32
		{064A33F9-264E-4CEC-9D87-7C0B5D35CBD1}.Debug|x64.ActiveCfg = Debug|x64
		{064A33F9-264E-4CEC-9D87-7C0B5D35CBD1}.Debug|x64.Build.0 = Debug|x64
		{064A33F9-264E-4CEC-9D87-7C0B5D35CBD1}.Debug|x86.ActiveCfg = Debug|Win32
		{064A33F9-264E-4CEC-9D87-7C0B5D35CBD1}.Debug|x86.Build.0 = Debug|Win32
		{064A33F9-264E-4CEC-9D87-7C0B5D35CBD1}.Release|x64.ActiveCfg = Release|x64
		{064A33F9-264E-4CEC-9D87-7C0B5D35CBD1}.Release|x64.Build.0 = Release|x64
		{064A33F9-264E-4CEC-9D87-7C0B5D35CBD1}.Release|x86.ActiveCfg = Release|Win32
		{064A33F9-264E-4CEC-9D87-7C0B5D35CBD1}.Release|x86.Build.0 = Release|Win32
		{D29300CF-344E-4681-BDDF-5E095A95F604}.Debug|x64.ActiveCfg = Debug|x64
		{D29300CF-344E-4681-BDDF-5E095A95F604}.Debug|x64.Build.0 = Debug|x64
		{D29300CF-344E-4681-BDDF-5E095A95F604}.Debug|x86.ActiveCfg = Debug|Win32
		{D29300CF-344E-4681-BDDF-5E095A95F604}.Debug|x86.Build.0 = Debug|Win32
		{D29300CF-344E-4681-BDDF-5E095A95F604}.Release|x64.ActiveCfg = Release|x64
		{D29300CF-344E-4681-BDDF-5E095A95F604}.Release|x64.Build.0 = Release|x64
		{D29300CF-344E-4681-BDDF-5E095A95F604}.Release|x86.ActiveCfg = Release|Win32
		{D29300CF-344E-4681-BDDF-5E095A95F604}.Release|x86.Build.0 = Release|Win32
		{2A07EC68-0083-4A21-AE2D-DD4CFDC5B3CC}.Debug|x64.ActiveCfg = Debug|x64
		{2A07EC68-0083-4A21-AE2D-DD4CFDC5B3CC}.Debug|x64.Build.0 = Debug|x64
		{2A07EC68-0083-4A21-AE2D-DD4CFDC5B3CC}.Debug|x86.ActiveCfg = Debug|Win32
		{2A07EC68-0083-4A21-AE2D-DD4CFDC5B3CC}.Debug|x86.Build.0 = Debug|Win32
		{2A07EC68-0083-4A21-AE2D-DD4CFDC5B3CC}.Release|x64.ActiveCfg = Release|x64
		{2A07EC68-0083-4A21-AE2D-DD4CFDC5B3CC}.Release|x64.Build.0 = Release|x64
		{2A07EC68-0083-4A21-AE2D-DD4CFDC5B3CC}.Release|x86.ActiveCfg = Release|Win32
		{2A07EC68-0083-4A21-AE2D-DD4CFDC5B3CC}.Release|x86.Build.0 = Release|Win32
		{AC1EA560-2381-4E66-9E1E-77E91D1F7351}.Debug|x64.ActiveCfg = Debug|x64
		{AC1EA560-2381-4E66-9E1E-77E91D1F7351}.Debug|x64.Build.0 = Debug|x64
		{AC1EA560-2381-4E66-9E1E-77E91D1F7351}.Debug|x86.ActiveCfg = Debug|Win32
		{AC1EA560-2381-4E66-9E1E-77E91D1F7351}.Debug|x86.Build.0 = Debug|Win32
		{AC1EA560-2381-4E66-9E1E-77E91D1F7351}.Release|x64.ActiveCfg = Release|x64
		{AC1EA560-2381-4E66-9E1E-77E91D1F7351}.Release|x64.Build.0 = Release|x64
		{AC1EA560-2381-4E66-9E1E-77E91D1F7351}.Release|x86.ActiveCfg = Release|Win32
		{AC1EA560-2381-4E66-9E1E-77E91D1F7351}.Release|x86.Build.0 = Release|Win32
		{A02C53DA-8866-47F3-8EC5-C3B1818B27EB}.Debug|x64.ActiveCfg = Debug|x64
		{A02C53DA-8866-47F3-8EC5-C3B1818B27EB}.Debug|x64.Build.0 = Debug|x64
		{A02C53DA-8866-47F3-8EC5-C3B1818B27EB}.Debug|x86.ActiveCfg = Debug|Win32
		{A02C53DA-8866-47F3-8EC5-C3B1818B27EB}.Debug|x86.Build.0 = Debug|Win32
		{A02C53DA-8866-47F3-8EC5-C3B1818B27EB}.Release|x64.ActiveCfg = Release|x64
		{A02C53DA-8866-47F3-8EC5-C3B1818B27EB}.Release|x64.Build.0 = Release|x64
		{A02C53DA-8866-47F3-8EC5-C3B1818B27EB}.Release|x86.ActiveCfg = Release|Win32
		{A02C53DA-8866-47F3-8EC5-C3B1818B27EB}.Release|x86.Build.0 = Release|Win32
		{10478E21-86D2-418C-A46A-9E9B77DCB4C3}.Debug|x64.ActiveCfg = Debug|x64
		{10478E21-86D2-418C-A46A-9E9B77DCB4C3}.Debug|x64.Build.0 = Debug|x64
		{10478E21-86D2-418C-A46A-9E9B77DCB4C3}.Debug|x86.ActiveCfg = Debug|Win32
		{10478E21-86D2-418C-A46A-9E9B77DCB4C3}.Debug|x86.Build.0 = Debug|Win32
		{10478E21-86D2-418C-A46A-9E9B77DCB4C3}.Release|x64.ActiveCfg = Release|x64
		{10478E21-86D2-418C-A46A-9E9B77DCB4C3}.Release|x64.Build.0 = Release|x64
		{10478E21-86D2-418C-A46A-9E9B77DCB4C3}.Release|x86.ActiveCfg = Release|Win32
		{10478E21-86D2-418C-A46A-9E9B77DCB4C3}.Release|x86.Build.0 = Release|Win32
		{8AB80F64-7DD1-47D5-9492-D28C135D98B1}.Debug|x64.ActiveCfg = Debug|x64
		{8AB80F64-7DD1-47D5-9492-D28C135D98B1}.Debug|x64.Build.0 = Debug|x64
		{8AB80F64-7DD1-47D5-9492-D28C135D98B1}.Debug|x86.ActiveCfg = Debug|Win32
		{8AB80F64-7DD1-47D5-9492-D28C135D98B1}.Debug|x86.Build.0 = Debug|Win32
		{8AB80F64-7DD1-47D5-9492-D28C135D98B1}.Release|x64.ActiveCfg = Release|x64
		{8AB80F64-7DD1-47D5-9492-D28C135D98B1}.Release|x64.Build.0 = Release|x64
		{8AB80F64-7DD1-47D5-9492-D28C135D98B1}.Release|x86.ActiveCfg = Release|Win32
		{8AB80F64-7DD1-47D5-9492-D28C135D98B1}.Release|x86.Build.0 = Release|Win32
		{0DFBCA1E-200B-4275-950E-ABEEFA992D8D}.Debug|x64.ActiveCfg = Debug|x64
		{0DFBCA1E-200B-4275-950E-ABEEFA992D8D}.Debug|x64.Build.0 = Debug|x64
		{0DFBCA1E-200B-4275-950E-ABEEFA992D8D}.Debug|x86.ActiveCfg = Debug|Win32
		{0DFBCA1E-200B-4275-950E-ABEEFA992D8D}.Debug|x86.Build.0 = Debug|Win32
		{0DFBCA1E-200B-4275-950E-ABEEFA992D8D}.Release|x64.ActiveCfg = Release|x64
		{0DFBCA1E-200B-4275-950E-ABEEFA992D8D}.Release|x64.Build.0 = Release|x64
		{0DFBCA1E-200B-4275-950E-ABEEFA992D8D}.Release|x86.ActiveCfg = Release|Win32
		{0DFBCA1E-200B-4275-950E-ABEEFA992D8D}.Release|x86.Build.0 = Release|Win32
	EndGlobalSection
	GlobalSection(SolutionProperties) = preSolution
		HideSolutionNode = FALSE
	EndGlobalSection
	GlobalSection(ExtensibilityGlobals) = postSolution
		SolutionGuid = {E89EAD5D-8893-4C31-89A0-84A8CC040DFA}
	EndGlobalSection
EndGlobal
