
Microsoft Visual Studio Solution File, Format Version 12.00
# Visual Studio Version 16
VisualStudioVersion = 16.0.31129.286
MinimumVisualStudioVersion = 10.0.40219.1
Project("{8BC9CEB8-8B4A-11D0-8D11-00A0C91BC942}") = "ex1", "ex1\ex1.vcxproj", "{7F0DF401-19C3-4725-A414-5510A9B5718F}"
EndProject
Project("{8BC9CEB8-8B4A-11D0-8D11-00A0C91BC942}") = "ex2", "ex2\ex2.vcxproj", "{07D1EEDC-8950-4412-ADB6-D7E96A6FD023}"
EndProject
Project("{8BC9CEB8-8B4A-11D0-8D11-00A0C91BC942}") = "ex3", "ex3\ex3.vcxproj", "{064A33F9-264E-4CEC-9D87-7C0B5D35CBD1}"
EndProject
Global
	GlobalSection(SolutionConfigurationPlatforms) = preSolution
		Debug|x64 = Debug|x64
		Debug|x86 = Debug|x86
		Release|x64 = Release|x64
		Release|x86 = Release|x86
	EndGlobalSection
	GlobalSection(ProjectConfigurationPlatforms) = postSolution
		{7F0DF401-19C3-4725-A414-5510A9B5718F}.Debug|x64.ActiveCfg = Debug|x64
		{7F0DF401-19C3-4725-A414-5510A9B5718F}.Debug|x64.Build.0 = Debug|x64
		{7F0DF401-19C3-4725-A414-5510A9B5718F}.Debug|x86.ActiveCfg = Debug|Win32
		{7F0DF401-19C3-4725-A414-5510A9B5718F}.Debug|x86.Build.0 = Debug|Win32
		{7F0DF401-19C3-4725-A414-5510A9B5718F}.Release|x64.ActiveCfg = Release|x64
		{7F0DF401-19C3-4725-A414-5510A9B5718F}.Release|x64.Build.0 = Release|x64
		{7F0DF401-19C3-4725-A414-5510A9B5718F}.Release|x86.ActiveCfg = Release|Win32
		{7F0DF401-19C3-4725-A414-5510A9B5718F}.Release|x86.Build.0 = Release|Win32
		{07D1EEDC-8950-4412-ADB6-D7E96A6FD023}.Debug|x64.ActiveCfg = Debug|x64
		{07D1EEDC-8950-4412-ADB6-D7E96A6FD023}.Debug|x64.Build.0 = Debug|x64
		{07D1EEDC-8950-4412-ADB6-D7E96A6FD023}.Debug|x86.ActiveCfg = Debug|Win32
		{07D1EEDC-8950-4412-ADB6-D7E96A6FD023}.Debug|x86.Build.0 = Debug|Win32
		{07D1EEDC-8950-4412-ADB6-D7E96A6FD023}.Release|x64.ActiveCfg = Release|x64
		{07D1EEDC-8950-4412-ADB6-D7E96A6FD023}.Release|x64.Build.0 = Release|x64
		{07D1EEDC-8950-4412-ADB6-D7E96A6FD023}.Release|x86.ActiveCfg = Release|Win32
		{07D1EEDC-8950-4412-ADB6-D7E96A6FD023}.Release|x86.Build.0 = Release|Win32
		{064A33F9-264E-4CEC-9D87-7C0B5D35CBD1}.Debug|x64.ActiveCfg = Debug|x64
		{064A33F9-264E-4CEC-9D87-7C0B5D35CBD1}.Debug|x64.Build.0 = Debug|x64
		{064A33F9-264E-4CEC-9D87-7C0B5D35CBD1}.Debug|x86.ActiveCfg = Debug|Win32
		{064A33F9-264E-4CEC-9D87-7C0B5D35CBD1}.Debug|x86.Build.0 = Debug|Win32
		{064A33F9-264E-4CEC-9D87-7C0B5D35CBD1}.Release|x64.ActiveCfg = Release|x64
		{064A33F9-264E-4CEC-9D87-7C0B5D35CBD1}.Release|x64.Build.0 = Release|x64
		{064A33F9-264E-4CEC-9D87-7C0B5D35CBD1}.Release|x86.ActiveCfg = Release|Win32
		{064A33F9-264E-4CEC-9D87-7C0B5D35CBD1}.Release|x86.Build.0 = Release|Win32
	EndGlobalSection
	GlobalSection(SolutionProperties) = preSolution
		HideSolutionNode = FALSE
	EndGlobalSection
	GlobalSection(ExtensibilityGlobals) = postSolution
		SolutionGuid = {E89EAD5D-8893-4C31-89A0-84A8CC040DFA}
	EndGlobalSection
EndGlobal
